
Microsoft Visual Studio Solution File, Format Version 12.00
# Visual Studio Version 17
VisualStudioVersion = 17.5.33516.290
MinimumVisualStudioVersion = 10.0.40219.1
Project("{FAE04EC0-301F-11D3-BF4B-00C04F79EFBC}") = "PointisAPI", "PointisAPI.csproj", "{526CEE3E-B0F5-46EE-9710-E713D849114D}"
EndProject
Project("{FAE04EC0-301F-11D3-BF4B-00C04F79EFBC}") = "PointisAPI.Tests", "..\PointisAPI.Tests\PointisAPI.Tests.csproj", "{9CEA13FB-DB8E-4160-8CC3-ECDCF726C811}"
EndProject
Project("{FAE04EC0-301F-11D3-BF4B-00C04F79EFBC}") = "PointisData", "..\PointisData\PointisData.csproj", "{6D69C1AB-1D97-479D-96B9-83576B4F9ECC}"
EndProject
Global
	GlobalSection(SolutionConfigurationPlatforms) = preSolution
		Debug|Any CPU = Debug|Any CPU
		Release|Any CPU = Release|Any CPU
	EndGlobalSection
	GlobalSection(ProjectConfigurationPlatforms) = postSolution
		{526CEE3E-B0F5-46EE-9710-E713D849114D}.Debug|Any CPU.ActiveCfg = Debug|Any CPU
		{526CEE3E-B0F5-46EE-9710-E713D849114D}.Debug|Any CPU.Build.0 = Debug|Any CPU
		{526CEE3E-B0F5-46EE-9710-E713D849114D}.Release|Any CPU.ActiveCfg = Release|Any CPU
		{526CEE3E-B0F5-46EE-9710-E713D849114D}.Release|Any CPU.Build.0 = Release|Any CPU
		{9CEA13FB-DB8E-4160-8CC3-ECDCF726C811}.Debug|Any CPU.ActiveCfg = Debug|Any CPU
		{9CEA13FB-DB8E-4160-8CC3-ECDCF726C811}.Debug|Any CPU.Build.0 = Debug|Any CPU
		{9CEA13FB-DB8E-4160-8CC3-ECDCF726C811}.Release|Any CPU.ActiveCfg = Release|Any CPU
		{9CEA13FB-DB8E-4160-8CC3-ECDCF726C811}.Release|Any CPU.Build.0 = Release|Any CPU
		{6D69C1AB-1D97-479D-96B9-83576B4F9ECC}.Debug|Any CPU.ActiveCfg = Debug|Any CPU
		{6D69C1AB-1D97-479D-96B9-83576B4F9ECC}.Debug|Any CPU.Build.0 = Debug|Any CPU
		{6D69C1AB-1D97-479D-96B9-83576B4F9ECC}.Release|Any CPU.ActiveCfg = Release|Any CPU
		{6D69C1AB-1D97-479D-96B9-83576B4F9ECC}.Release|Any CPU.Build.0 = Release|Any CPU
	EndGlobalSection
	GlobalSection(SolutionProperties) = preSolution
		HideSolutionNode = FALSE
	EndGlobalSection
	GlobalSection(ExtensibilityGlobals) = postSolution
		SolutionGuid = {027B970A-BE3F-4791-9FFF-47621491C05D}
	EndGlobalSection
EndGlobal
